
Microsoft Visual Studio Solution File, Format Version 12.00
# Visual Studio Version 17
VisualStudioVersion = 17.7.34031.279
MinimumVisualStudioVersion = 10.0.40219.1
Project("{9A19103F-16F7-4668-BE54-9A1E7A4F7556}") = "FirstApp", "FirstApp\FirstApp.csproj", "{278179D3-E4C5-4447-979C-EC11A35883D1}"
EndProject
Project("{FAE04EC0-301F-11D3-BF4B-00C04F79EFBC}") = "Funktionen.Tests", "Funktionen.Tests\Funktionen.Tests.csproj", "{8E4E0D15-6675-466B-8EA8-F22C42F94461}"
EndProject
Global
	GlobalSection(SolutionConfigurationPlatforms) = preSolution
		Debug|Any CPU = Debug|Any CPU
		Release|Any CPU = Release|Any CPU
	EndGlobalSection
	GlobalSection(ProjectConfigurationPlatforms) = postSolution
		{278179D3-E4C5-4447-979C-EC11A35883D1}.Debug|Any CPU.ActiveCfg = Debug|Any CPU
		{278179D3-E4C5-4447-979C-EC11A35883D1}.Debug|Any CPU.Build.0 = Debug|Any CPU
		{278179D3-E4C5-4447-979C-EC11A35883D1}.Release|Any CPU.ActiveCfg = Release|Any CPU
		{278179D3-E4C5-4447-979C-EC11A35883D1}.Release|Any CPU.Build.0 = Release|Any CPU
		{8E4E0D15-6675-466B-8EA8-F22C42F94461}.Debug|Any CPU.ActiveCfg = Debug|Any CPU
		{8E4E0D15-6675-466B-8EA8-F22C42F94461}.Debug|Any CPU.Build.0 = Debug|Any CPU
		{8E4E0D15-6675-466B-8EA8-F22C42F94461}.Release|Any CPU.ActiveCfg = Release|Any CPU
		{8E4E0D15-6675-466B-8EA8-F22C42F94461}.Release|Any CPU.Build.0 = Release|Any CPU
	EndGlobalSection
	GlobalSection(SolutionProperties) = preSolution
		HideSolutionNode = FALSE
	EndGlobalSection
	GlobalSection(ExtensibilityGlobals) = postSolution
		SolutionGuid = {FA913A2F-8E19-44F2-8524-A8BA70234D93}
	EndGlobalSection
EndGlobal
